
Microsoft Visual Studio Solution File, Format Version 12.00
# Visual Studio Version 16
VisualStudioVersion = 16.0.29503.13
MinimumVisualStudioVersion = 10.0.40219.1
Project("{FAE04EC0-301F-11D3-BF4B-00C04F79EFBC}") = "SzamrednszerKonverzio", "SzamrednszerKonverzio\SzamrednszerKonverzio.csproj", "{0FF4339F-9EA3-4D25-B891-68E5D95C5A79}"
EndProject
Global
	GlobalSection(SolutionConfigurationPlatforms) = preSolution
		Debug|Any CPU = Debug|Any CPU
		Release|Any CPU = Release|Any CPU
	EndGlobalSection
	GlobalSection(ProjectConfigurationPlatforms) = postSolution
		{0FF4339F-9EA3-4D25-B891-68E5D95C5A79}.Debug|Any CPU.ActiveCfg = Debug|Any CPU
		{0FF4339F-9EA3-4D25-B891-68E5D95C5A79}.Debug|Any CPU.Build.0 = Debug|Any CPU
		{0FF4339F-9EA3-4D25-B891-68E5D95C5A79}.Release|Any CPU.ActiveCfg = Release|Any CPU
		{0FF4339F-9EA3-4D25-B891-68E5D95C5A79}.Release|Any CPU.Build.0 = Release|Any CPU
	EndGlobalSection
	GlobalSection(SolutionProperties) = preSolution
		HideSolutionNode = FALSE
	EndGlobalSection
	GlobalSection(ExtensibilityGlobals) = postSolution
		SolutionGuid = {2F0E47AE-C1B4-42D3-B15B-DEC38E7E4CEA}
	EndGlobalSection
EndGlobal
